
Microsoft Visual Studio Solution File, Format Version 12.00
# Visual Studio 15
Project("{FAE04EC0-301F-11D3-BF4B-00C04F79EFBC}") = "UnityEngine.TestRunner", "UnityEngine.TestRunner.csproj", "{A2CFBB04-D712-3C9F-8574-B8EFD547ACBD}"
EndProject
Project("{FAE04EC0-301F-11D3-BF4B-00C04F79EFBC}") = "Unity.Mathematics", "Unity.Mathematics.csproj", "{6E5F028D-6C8D-DCBB-3FB4-58EBCA3A6682}"
EndProject
Project("{FAE04EC0-301F-11D3-BF4B-00C04F79EFBC}") = "Unity.InputSystem", "Unity.InputSystem.csproj", "{8947AB79-8376-B4BD-EC5E-22FEA118B7CF}"
EndProject
Project("{FAE04EC0-301F-11D3-BF4B-00C04F79EFBC}") = "Unity.Timeline", "Unity.Timeline.csproj", "{FE831BA6-25D8-83CC-2289-3DB40B3341F2}"
EndProject
Project("{FAE04EC0-301F-11D3-BF4B-00C04F79EFBC}") = "UnityEngine.UI", "UnityEngine.UI.csproj", "{C1A39C9C-9600-B8BC-93E0-D0B99DCD1BC4}"
EndProject
Project("{FAE04EC0-301F-11D3-BF4B-00C04F79EFBC}") = "Unity.TextMeshPro", "Unity.TextMeshPro.csproj", "{A6A17000-D1D0-CE6E-3580-78CE717C3DB7}"
EndProject
Project("{FAE04EC0-301F-11D3-BF4B-00C04F79EFBC}") = "Unity.2D.Animation.Runtime", "Unity.2D.Animation.Runtime.csproj", "{21CA6CF5-B421-D877-29D1-E91E1833E8DE}"
EndProject
Project("{FAE04EC0-301F-11D3-BF4B-00C04F79EFBC}") = "Unity.2D.IK.Runtime", "Unity.2D.IK.Runtime.csproj", "{860E1AC4-1603-6A65-732B-5A05AE2A3BFE}"
EndProject
Project("{FAE04EC0-301F-11D3-BF4B-00C04F79EFBC}") = "Assembly-CSharp", "Assembly-CSharp.csproj", "{AF30690D-5B7C-0C56-BE56-EC326B9A0DB5}"
EndProject
Project("{FAE04EC0-301F-11D3-BF4B-00C04F79EFBC}") = "Unity.2D.SpriteShape.Runtime", "Unity.2D.SpriteShape.Runtime.csproj", "{D37E422D-2348-C008-DDB1-8281E0D2300E}"
EndProject
Project("{FAE04EC0-301F-11D3-BF4B-00C04F79EFBC}") = "Unity.2D.PixelPerfect", "Unity.2D.PixelPerfect.csproj", "{EEE07263-386C-8C8A-D1A4-416A6ABFC0A9}"
EndProject
Project("{FAE04EC0-301F-11D3-BF4B-00C04F79EFBC}") = "Unity.2D.Common.Runtime", "Unity.2D.Common.Runtime.csproj", "{91C38CAE-BA00-0612-42D0-4DC00FD89074}"
EndProject
Project("{FAE04EC0-301F-11D3-BF4B-00C04F79EFBC}") = "Unity.InternalAPIEngineBridge.001", "Unity.InternalAPIEngineBridge.001.csproj", "{D3067AE1-5423-5EA7-BF4E-7846EF5C80AA}"
EndProject
Project("{FAE04EC0-301F-11D3-BF4B-00C04F79EFBC}") = "Unity.Timeline.Editor", "Unity.Timeline.Editor.csproj", "{3B82757D-6BC3-9EA8-F2D9-6A9144ED0E49}"
EndProject
Project("{FAE04EC0-301F-11D3-BF4B-00C04F79EFBC}") = "Unity.TextMeshPro.Editor", "Unity.TextMeshPro.Editor.csproj", "{F476799D-411A-265F-01BF-3FF4A7A97D0B}"
EndProject
Project("{FAE04EC0-301F-11D3-BF4B-00C04F79EFBC}") = "Unity.2D.Animation.Editor", "Unity.2D.Animation.Editor.csproj", "{72758782-C016-E136-CF9E-52233852CB60}"
EndProject
Project("{FAE04EC0-301F-11D3-BF4B-00C04F79EFBC}") = "UnityEditor.TestRunner", "UnityEditor.TestRunner.csproj", "{4997C5D3-3982-54AD-4C58-54D03C38C0F0}"
EndProject
Project("{FAE04EC0-301F-11D3-BF4B-00C04F79EFBC}") = "Unity.PlasticSCM.Editor", "Unity.PlasticSCM.Editor.csproj", "{55F080A4-B458-4043-C222-9641FE7FBC69}"
EndProject
Project("{FAE04EC0-301F-11D3-BF4B-00C04F79EFBC}") = "UnityEditor.UI", "UnityEditor.UI.csproj", "{ACE84CAB-1F27-49F8-BB20-D895024200B1}"
EndProject
Project("{FAE04EC0-301F-11D3-BF4B-00C04F79EFBC}") = "Unity.Services.Core.Editor", "Unity.Services.Core.Editor.csproj", "{B5C9DCE2-0B6B-1BF9-0FA3-3CF2E4B8F737}"
EndProject
Project("{FAE04EC0-301F-11D3-BF4B-00C04F79EFBC}") = "Unity.VisualStudio.Editor", "Unity.VisualStudio.Editor.csproj", "{11400452-99CF-714F-5146-6764099919BD}"
EndProject
Project("{FAE04EC0-301F-11D3-BF4B-00C04F79EFBC}") = "Unity.2D.Animation.Triangle.Editor", "Unity.2D.Animation.Triangle.Editor.csproj", "{D26AD0AA-D075-579D-BB91-7E944494A3EA}"
EndProject
Project("{FAE04EC0-301F-11D3-BF4B-00C04F79EFBC}") = "Unity.2D.Psdimporter.Editor", "Unity.2D.Psdimporter.Editor.csproj", "{0272E0CE-929B-51A4-1DDA-F4356C2BFCBA}"
EndProject
Project("{FAE04EC0-301F-11D3-BF4B-00C04F79EFBC}") = "Unity.2D.SpriteShape.Editor", "Unity.2D.SpriteShape.Editor.csproj", "{5257B374-93B4-77D8-686E-D84ADD5E9D12}"
EndProject
Project("{FAE04EC0-301F-11D3-BF4B-00C04F79EFBC}") = "Unity.CollabProxy.Editor", "Unity.CollabProxy.Editor.csproj", "{A8CEF002-C405-1D4B-F010-7E485FDC451E}"
EndProject
Project("{FAE04EC0-301F-11D3-BF4B-00C04F79EFBC}") = "PsdPlugin", "PsdPlugin.csproj", "{B81430EB-9E27-0601-5AEC-11C371F4D33A}"
EndProject
Project("{FAE04EC0-301F-11D3-BF4B-00C04F79EFBC}") = "Unity.2D.Path.Editor", "Unity.2D.Path.Editor.csproj", "{7D2EB3D8-4D95-9D5D-D23C-CA45BEABA724}"
EndProject
Project("{FAE04EC0-301F-11D3-BF4B-00C04F79EFBC}") = "Unity.Rider.Editor", "Unity.Rider.Editor.csproj", "{BAA64B78-5E44-B2B8-43F0-7533DD85BC30}"
EndProject
Project("{FAE04EC0-301F-11D3-BF4B-00C04F79EFBC}") = "Unity.2D.IK.Editor", "Unity.2D.IK.Editor.csproj", "{21B7EC23-4ADD-9BD6-7D3E-07F7D5614DE0}"
EndProject
Project("{FAE04EC0-301F-11D3-BF4B-00C04F79EFBC}") = "Unity.2D.Sprite.Editor", "Unity.2D.Sprite.Editor.csproj", "{02CE7E8A-9D7B-BA20-E38D-4C0D7F23F7B3}"
EndProject
Project("{FAE04EC0-301F-11D3-BF4B-00C04F79EFBC}") = "Unity.2D.Tilemap.Editor", "Unity.2D.Tilemap.Editor.csproj", "{23CCF5EB-71C5-3C5D-E0A9-9CB07B16C0CD}"
EndProject
Project("{FAE04EC0-301F-11D3-BF4B-00C04F79EFBC}") = "Unity.2D.PixelPerfect.Editor", "Unity.2D.PixelPerfect.Editor.csproj", "{BD9DE79B-2433-3EB5-9B3A-8BC399611C16}"
EndProject
Project("{FAE04EC0-301F-11D3-BF4B-00C04F79EFBC}") = "Unity.VSCode.Editor", "Unity.VSCode.Editor.csproj", "{49183306-CFF1-01A5-E426-ED6D9BB689EF}"
EndProject
Project("{FAE04EC0-301F-11D3-BF4B-00C04F79EFBC}") = "Unity.2D.Common.Editor", "Unity.2D.Common.Editor.csproj", "{01516A06-A9F7-8226-BFF3-8245F5F6F7F7}"
EndProject
Project("{FAE04EC0-301F-11D3-BF4B-00C04F79EFBC}") = "Unity.Mathematics.Editor", "Unity.Mathematics.Editor.csproj", "{CAB92BBA-8FB2-CC00-B056-8F5B3501562E}"
EndProject
Project("{FAE04EC0-301F-11D3-BF4B-00C04F79EFBC}") = "Unity.InternalAPIEditorBridge.001", "Unity.InternalAPIEditorBridge.001.csproj", "{F0C5BC84-8F65-8046-1F2B-296BB0976B38}"
EndProject
Project("{FAE04EC0-301F-11D3-BF4B-00C04F79EFBC}") = "UnityEngine.TestRunner", "UnityEngine.TestRunner.Player.csproj", "{CAF2B60E-5844-00A3-4BC0-E09B9C1872D0}"
EndProject
Project("{FAE04EC0-301F-11D3-BF4B-00C04F79EFBC}") = "Unity.Mathematics", "Unity.Mathematics.Player.csproj", "{AC1A7D46-51D1-959B-0C19-C3A05B514516}"
EndProject
Project("{FAE04EC0-301F-11D3-BF4B-00C04F79EFBC}") = "Unity.InputSystem", "Unity.InputSystem.Player.csproj", "{80CE5C99-1826-CCBE-4B58-AE58BCF2C60E}"
EndProject
Project("{FAE04EC0-301F-11D3-BF4B-00C04F79EFBC}") = "Unity.Timeline", "Unity.Timeline.Player.csproj", "{82212B55-351C-A1ED-6EAE-9A5DB1808D89}"
EndProject
Project("{FAE04EC0-301F-11D3-BF4B-00C04F79EFBC}") = "UnityEngine.UI", "UnityEngine.UI.Player.csproj", "{46C773C8-22C4-BA25-B20B-985749F8E51D}"
EndProject
Project("{FAE04EC0-301F-11D3-BF4B-00C04F79EFBC}") = "Unity.TextMeshPro", "Unity.TextMeshPro.Player.csproj", "{B0754093-C9E9-9096-D005-D0B185D5450F}"
EndProject
Project("{FAE04EC0-301F-11D3-BF4B-00C04F79EFBC}") = "Unity.2D.Animation.Runtime", "Unity.2D.Animation.Runtime.Player.csproj", "{FCFCD6A5-9658-06C6-04D6-24FE038CC9FE}"
EndProject
Project("{FAE04EC0-301F-11D3-BF4B-00C04F79EFBC}") = "Unity.2D.IK.Runtime", "Unity.2D.IK.Runtime.Player.csproj", "{7EB2B1BB-D16C-F297-9ED3-DE1628D0F32E}"
EndProject
Project("{FAE04EC0-301F-11D3-BF4B-00C04F79EFBC}") = "Assembly-CSharp", "Assembly-CSharp.Player.csproj", "{F87E3798-5356-5E74-6AEC-EE7D88A7B7B2}"
EndProject
Project("{FAE04EC0-301F-11D3-BF4B-00C04F79EFBC}") = "Unity.2D.SpriteShape.Runtime", "Unity.2D.SpriteShape.Runtime.Player.csproj", "{8705CC30-DEC4-B1CB-AFB8-1D7DDEA54288}"
EndProject
Project("{FAE04EC0-301F-11D3-BF4B-00C04F79EFBC}") = "Unity.2D.PixelPerfect", "Unity.2D.PixelPerfect.Player.csproj", "{0CAC7053-2DA5-82E5-D4ED-BAE01E73975F}"
EndProject
Project("{FAE04EC0-301F-11D3-BF4B-00C04F79EFBC}") = "Unity.2D.Common.Runtime", "Unity.2D.Common.Runtime.Player.csproj", "{CD4A594A-A90C-A8E9-0E37-6BA22CFB6826}"
EndProject
Project("{FAE04EC0-301F-11D3-BF4B-00C04F79EFBC}") = "Unity.InternalAPIEngineBridge.001", "Unity.InternalAPIEngineBridge.001.Player.csproj", "{D64FD294-C2DC-09E4-E2F5-16CDC6F2C4F9}"
EndProject
Global
	GlobalSection(SolutionConfigurationPlatforms) = preSolution
		Debug|Any CPU = Debug|Any CPU
		Release|Any CPU = Release|Any CPU
	EndGlobalSection
	GlobalSection(ProjectConfigurationPlatforms) = postSolution
		{A2CFBB04-D712-3C9F-8574-B8EFD547ACBD}.Debug|Any CPU.ActiveCfg = Debug|Any CPU
		{A2CFBB04-D712-3C9F-8574-B8EFD547ACBD}.Debug|Any CPU.Build.0 = Debug|Any CPU
		{A2CFBB04-D712-3C9F-8574-B8EFD547ACBD}.Release|Any CPU.ActiveCfg = Release|Any CPU
		{A2CFBB04-D712-3C9F-8574-B8EFD547ACBD}.Release|Any CPU.Build.0 = Release|Any CPU
		{6E5F028D-6C8D-DCBB-3FB4-58EBCA3A6682}.Debug|Any CPU.ActiveCfg = Debug|Any CPU
		{6E5F028D-6C8D-DCBB-3FB4-58EBCA3A6682}.Debug|Any CPU.Build.0 = Debug|Any CPU
		{6E5F028D-6C8D-DCBB-3FB4-58EBCA3A6682}.Release|Any CPU.ActiveCfg = Release|Any CPU
		{6E5F028D-6C8D-DCBB-3FB4-58EBCA3A6682}.Release|Any CPU.Build.0 = Release|Any CPU
		{8947AB79-8376-B4BD-EC5E-22FEA118B7CF}.Debug|Any CPU.ActiveCfg = Debug|Any CPU
		{8947AB79-8376-B4BD-EC5E-22FEA118B7CF}.Debug|Any CPU.Build.0 = Debug|Any CPU
		{8947AB79-8376-B4BD-EC5E-22FEA118B7CF}.Release|Any CPU.ActiveCfg = Release|Any CPU
		{8947AB79-8376-B4BD-EC5E-22FEA118B7CF}.Release|Any CPU.Build.0 = Release|Any CPU
		{FE831BA6-25D8-83CC-2289-3DB40B3341F2}.Debug|Any CPU.ActiveCfg = Debug|Any CPU
		{FE831BA6-25D8-83CC-2289-3DB40B3341F2}.Debug|Any CPU.Build.0 = Debug|Any CPU
		{FE831BA6-25D8-83CC-2289-3DB40B3341F2}.Release|Any CPU.ActiveCfg = Release|Any CPU
		{FE831BA6-25D8-83CC-2289-3DB40B3341F2}.Release|Any CPU.Build.0 = Release|Any CPU
		{C1A39C9C-9600-B8BC-93E0-D0B99DCD1BC4}.Debug|Any CPU.ActiveCfg = Debug|Any CPU
		{C1A39C9C-9600-B8BC-93E0-D0B99DCD1BC4}.Debug|Any CPU.Build.0 = Debug|Any CPU
		{C1A39C9C-9600-B8BC-93E0-D0B99DCD1BC4}.Release|Any CPU.ActiveCfg = Release|Any CPU
		{C1A39C9C-9600-B8BC-93E0-D0B99DCD1BC4}.Release|Any CPU.Build.0 = Release|Any CPU
		{A6A17000-D1D0-CE6E-3580-78CE717C3DB7}.Debug|Any CPU.ActiveCfg = Debug|Any CPU
		{A6A17000-D1D0-CE6E-3580-78CE717C3DB7}.Debug|Any CPU.Build.0 = Debug|Any CPU
		{A6A17000-D1D0-CE6E-3580-78CE717C3DB7}.Release|Any CPU.ActiveCfg = Release|Any CPU
		{A6A17000-D1D0-CE6E-3580-78CE717C3DB7}.Release|Any CPU.Build.0 = Release|Any CPU
		{21CA6CF5-B421-D877-29D1-E91E1833E8DE}.Debug|Any CPU.ActiveCfg = Debug|Any CPU
		{21CA6CF5-B421-D877-29D1-E91E1833E8DE}.Debug|Any CPU.Build.0 = Debug|Any CPU
		{21CA6CF5-B421-D877-29D1-E91E1833E8DE}.Release|Any CPU.ActiveCfg = Release|Any CPU
		{21CA6CF5-B421-D877-29D1-E91E1833E8DE}.Release|Any CPU.Build.0 = Release|Any CPU
		{860E1AC4-1603-6A65-732B-5A05AE2A3BFE}.Debug|Any CPU.ActiveCfg = Debug|Any CPU
		{860E1AC4-1603-6A65-732B-5A05AE2A3BFE}.Debug|Any CPU.Build.0 = Debug|Any CPU
		{860E1AC4-1603-6A65-732B-5A05AE2A3BFE}.Release|Any CPU.ActiveCfg = Release|Any CPU
		{860E1AC4-1603-6A65-732B-5A05AE2A3BFE}.Release|Any CPU.Build.0 = Release|Any CPU
		{AF30690D-5B7C-0C56-BE56-EC326B9A0DB5}.Debug|Any CPU.ActiveCfg = Debug|Any CPU
		{AF30690D-5B7C-0C56-BE56-EC326B9A0DB5}.Debug|Any CPU.Build.0 = Debug|Any CPU
		{AF30690D-5B7C-0C56-BE56-EC326B9A0DB5}.Release|Any CPU.ActiveCfg = Release|Any CPU
		{AF30690D-5B7C-0C56-BE56-EC326B9A0DB5}.Release|Any CPU.Build.0 = Release|Any CPU
		{D37E422D-2348-C008-DDB1-8281E0D2300E}.Debug|Any CPU.ActiveCfg = Debug|Any CPU
		{D37E422D-2348-C008-DDB1-8281E0D2300E}.Debug|Any CPU.Build.0 = Debug|Any CPU
		{D37E422D-2348-C008-DDB1-8281E0D2300E}.Release|Any CPU.ActiveCfg = Release|Any CPU
		{D37E422D-2348-C008-DDB1-8281E0D2300E}.Release|Any CPU.Build.0 = Release|Any CPU
		{EEE07263-386C-8C8A-D1A4-416A6ABFC0A9}.Debug|Any CPU.ActiveCfg = Debug|Any CPU
		{EEE07263-386C-8C8A-D1A4-416A6ABFC0A9}.Debug|Any CPU.Build.0 = Debug|Any CPU
		{EEE07263-386C-8C8A-D1A4-416A6ABFC0A9}.Release|Any CPU.ActiveCfg = Release|Any CPU
		{EEE07263-386C-8C8A-D1A4-416A6ABFC0A9}.Release|Any CPU.Build.0 = Release|Any CPU
		{91C38CAE-BA00-0612-42D0-4DC00FD89074}.Debug|Any CPU.ActiveCfg = Debug|Any CPU
		{91C38CAE-BA00-0612-42D0-4DC00FD89074}.Debug|Any CPU.Build.0 = Debug|Any CPU
		{91C38CAE-BA00-0612-42D0-4DC00FD89074}.Release|Any CPU.ActiveCfg = Release|Any CPU
		{91C38CAE-BA00-0612-42D0-4DC00FD89074}.Release|Any CPU.Build.0 = Release|Any CPU
		{D3067AE1-5423-5EA7-BF4E-7846EF5C80AA}.Debug|Any CPU.ActiveCfg = Debug|Any CPU
		{D3067AE1-5423-5EA7-BF4E-7846EF5C80AA}.Debug|Any CPU.Build.0 = Debug|Any CPU
		{D3067AE1-5423-5EA7-BF4E-7846EF5C80AA}.Release|Any CPU.ActiveCfg = Release|Any CPU
		{D3067AE1-5423-5EA7-BF4E-7846EF5C80AA}.Release|Any CPU.Build.0 = Release|Any CPU
		{3B82757D-6BC3-9EA8-F2D9-6A9144ED0E49}.Debug|Any CPU.ActiveCfg = Debug|Any CPU
		{3B82757D-6BC3-9EA8-F2D9-6A9144ED0E49}.Debug|Any CPU.Build.0 = Debug|Any CPU
		{3B82757D-6BC3-9EA8-F2D9-6A9144ED0E49}.Release|Any CPU.ActiveCfg = Release|Any CPU
		{3B82757D-6BC3-9EA8-F2D9-6A9144ED0E49}.Release|Any CPU.Build.0 = Release|Any CPU
		{F476799D-411A-265F-01BF-3FF4A7A97D0B}.Debug|Any CPU.ActiveCfg = Debug|Any CPU
		{F476799D-411A-265F-01BF-3FF4A7A97D0B}.Debug|Any CPU.Build.0 = Debug|Any CPU
		{F476799D-411A-265F-01BF-3FF4A7A97D0B}.Release|Any CPU.ActiveCfg = Release|Any CPU
		{F476799D-411A-265F-01BF-3FF4A7A97D0B}.Release|Any CPU.Build.0 = Release|Any CPU
		{72758782-C016-E136-CF9E-52233852CB60}.Debug|Any CPU.ActiveCfg = Debug|Any CPU
		{72758782-C016-E136-CF9E-52233852CB60}.Debug|Any CPU.Build.0 = Debug|Any CPU
		{72758782-C016-E136-CF9E-52233852CB60}.Release|Any CPU.ActiveCfg = Release|Any CPU
		{72758782-C016-E136-CF9E-52233852CB60}.Release|Any CPU.Build.0 = Release|Any CPU
		{4997C5D3-3982-54AD-4C58-54D03C38C0F0}.Debug|Any CPU.ActiveCfg = Debug|Any CPU
		{4997C5D3-3982-54AD-4C58-54D03C38C0F0}.Debug|Any CPU.Build.0 = Debug|Any CPU
		{4997C5D3-3982-54AD-4C58-54D03C38C0F0}.Release|Any CPU.ActiveCfg = Release|Any CPU
		{4997C5D3-3982-54AD-4C58-54D03C38C0F0}.Release|Any CPU.Build.0 = Release|Any CPU
		{55F080A4-B458-4043-C222-9641FE7FBC69}.Debug|Any CPU.ActiveCfg = Debug|Any CPU
		{55F080A4-B458-4043-C222-9641FE7FBC69}.Debug|Any CPU.Build.0 = Debug|Any CPU
		{55F080A4-B458-4043-C222-9641FE7FBC69}.Release|Any CPU.ActiveCfg = Release|Any CPU
		{55F080A4-B458-4043-C222-9641FE7FBC69}.Release|Any CPU.Build.0 = Release|Any CPU
		{ACE84CAB-1F27-49F8-BB20-D895024200B1}.Debug|Any CPU.ActiveCfg = Debug|Any CPU
		{ACE84CAB-1F27-49F8-BB20-D895024200B1}.Debug|Any CPU.Build.0 = Debug|Any CPU
		{ACE84CAB-1F27-49F8-BB20-D895024200B1}.Release|Any CPU.ActiveCfg = Release|Any CPU
		{ACE84CAB-1F27-49F8-BB20-D895024200B1}.Release|Any CPU.Build.0 = Release|Any CPU
		{B5C9DCE2-0B6B-1BF9-0FA3-3CF2E4B8F737}.Debug|Any CPU.ActiveCfg = Debug|Any CPU
		{B5C9DCE2-0B6B-1BF9-0FA3-3CF2E4B8F737}.Debug|Any CPU.Build.0 = Debug|Any CPU
		{B5C9DCE2-0B6B-1BF9-0FA3-3CF2E4B8F737}.Release|Any CPU.ActiveCfg = Release|Any CPU
		{B5C9DCE2-0B6B-1BF9-0FA3-3CF2E4B8F737}.Release|Any CPU.Build.0 = Release|Any CPU
		{11400452-99CF-714F-5146-6764099919BD}.Debug|Any CPU.ActiveCfg = Debug|Any CPU
		{11400452-99CF-714F-5146-6764099919BD}.Debug|Any CPU.Build.0 = Debug|Any CPU
		{11400452-99CF-714F-5146-6764099919BD}.Release|Any CPU.ActiveCfg = Release|Any CPU
		{11400452-99CF-714F-5146-6764099919BD}.Release|Any CPU.Build.0 = Release|Any CPU
		{D26AD0AA-D075-579D-BB91-7E944494A3EA}.Debug|Any CPU.ActiveCfg = Debug|Any CPU
		{D26AD0AA-D075-579D-BB91-7E944494A3EA}.Debug|Any CPU.Build.0 = Debug|Any CPU
		{D26AD0AA-D075-579D-BB91-7E944494A3EA}.Release|Any CPU.ActiveCfg = Release|Any CPU
		{D26AD0AA-D075-579D-BB91-7E944494A3EA}.Release|Any CPU.Build.0 = Release|Any CPU
		{0272E0CE-929B-51A4-1DDA-F4356C2BFCBA}.Debug|Any CPU.ActiveCfg = Debug|Any CPU
		{0272E0CE-929B-51A4-1DDA-F4356C2BFCBA}.Debug|Any CPU.Build.0 = Debug|Any CPU
		{0272E0CE-929B-51A4-1DDA-F4356C2BFCBA}.Release|Any CPU.ActiveCfg = Release|Any CPU
		{0272E0CE-929B-51A4-1DDA-F4356C2BFCBA}.Release|Any CPU.Build.0 = Release|Any CPU
		{5257B374-93B4-77D8-686E-D84ADD5E9D12}.Debug|Any CPU.ActiveCfg = Debug|Any CPU
		{5257B374-93B4-77D8-686E-D84ADD5E9D12}.Debug|Any CPU.Build.0 = Debug|Any CPU
		{5257B374-93B4-77D8-686E-D84ADD5E9D12}.Release|Any CPU.ActiveCfg = Release|Any CPU
		{5257B374-93B4-77D8-686E-D84ADD5E9D12}.Release|Any CPU.Build.0 = Release|Any CPU
		{A8CEF002-C405-1D4B-F010-7E485FDC451E}.Debug|Any CPU.ActiveCfg = Debug|Any CPU
		{A8CEF002-C405-1D4B-F010-7E485FDC451E}.Debug|Any CPU.Build.0 = Debug|Any CPU
		{A8CEF002-C405-1D4B-F010-7E485FDC451E}.Release|Any CPU.ActiveCfg = Release|Any CPU
		{A8CEF002-C405-1D4B-F010-7E485FDC451E}.Release|Any CPU.Build.0 = Release|Any CPU
		{B81430EB-9E27-0601-5AEC-11C371F4D33A}.Debug|Any CPU.ActiveCfg = Debug|Any CPU
		{B81430EB-9E27-0601-5AEC-11C371F4D33A}.Debug|Any CPU.Build.0 = Debug|Any CPU
		{B81430EB-9E27-0601-5AEC-11C371F4D33A}.Release|Any CPU.ActiveCfg = Release|Any CPU
		{B81430EB-9E27-0601-5AEC-11C371F4D33A}.Release|Any CPU.Build.0 = Release|Any CPU
		{7D2EB3D8-4D95-9D5D-D23C-CA45BEABA724}.Debug|Any CPU.ActiveCfg = Debug|Any CPU
		{7D2EB3D8-4D95-9D5D-D23C-CA45BEABA724}.Debug|Any CPU.Build.0 = Debug|Any CPU
		{7D2EB3D8-4D95-9D5D-D23C-CA45BEABA724}.Release|Any CPU.ActiveCfg = Release|Any CPU
		{7D2EB3D8-4D95-9D5D-D23C-CA45BEABA724}.Release|Any CPU.Build.0 = Release|Any CPU
		{BAA64B78-5E44-B2B8-43F0-7533DD85BC30}.Debug|Any CPU.ActiveCfg = Debug|Any CPU
		{BAA64B78-5E44-B2B8-43F0-7533DD85BC30}.Debug|Any CPU.Build.0 = Debug|Any CPU
		{BAA64B78-5E44-B2B8-43F0-7533DD85BC30}.Release|Any CPU.ActiveCfg = Release|Any CPU
		{BAA64B78-5E44-B2B8-43F0-7533DD85BC30}.Release|Any CPU.Build.0 = Release|Any CPU
		{21B7EC23-4ADD-9BD6-7D3E-07F7D5614DE0}.Debug|Any CPU.ActiveCfg = Debug|Any CPU
		{21B7EC23-4ADD-9BD6-7D3E-07F7D5614DE0}.Debug|Any CPU.Build.0 = Debug|Any CPU
		{21B7EC23-4ADD-9BD6-7D3E-07F7D5614DE0}.Release|Any CPU.ActiveCfg = Release|Any CPU
		{21B7EC23-4ADD-9BD6-7D3E-07F7D5614DE0}.Release|Any CPU.Build.0 = Release|Any CPU
		{02CE7E8A-9D7B-BA20-E38D-4C0D7F23F7B3}.Debug|Any CPU.ActiveCfg = Debug|Any CPU
		{02CE7E8A-9D7B-BA20-E38D-4C0D7F23F7B3}.Debug|Any CPU.Build.0 = Debug|Any CPU
		{02CE7E8A-9D7B-BA20-E38D-4C0D7F23F7B3}.Release|Any CPU.ActiveCfg = Release|Any CPU
		{02CE7E8A-9D7B-BA20-E38D-4C0D7F23F7B3}.Release|Any CPU.Build.0 = Release|Any CPU
		{23CCF5EB-71C5-3C5D-E0A9-9CB07B16C0CD}.Debug|Any CPU.ActiveCfg = Debug|Any CPU
		{23CCF5EB-71C5-3C5D-E0A9-9CB07B16C0CD}.Debug|Any CPU.Build.0 = Debug|Any CPU
		{23CCF5EB-71C5-3C5D-E0A9-9CB07B16C0CD}.Release|Any CPU.ActiveCfg = Release|Any CPU
		{23CCF5EB-71C5-3C5D-E0A9-9CB07B16C0CD}.Release|Any CPU.Build.0 = Release|Any CPU
		{BD9DE79B-2433-3EB5-9B3A-8BC399611C16}.Debug|Any CPU.ActiveCfg = Debug|Any CPU
		{BD9DE79B-2433-3EB5-9B3A-8BC399611C16}.Debug|Any CPU.Build.0 = Debug|Any CPU
		{BD9DE79B-2433-3EB5-9B3A-8BC399611C16}.Release|Any CPU.ActiveCfg = Release|Any CPU
		{BD9DE79B-2433-3EB5-9B3A-8BC399611C16}.Release|Any CPU.Build.0 = Release|Any CPU
		{49183306-CFF1-01A5-E426-ED6D9BB689EF}.Debug|Any CPU.ActiveCfg = Debug|Any CPU
		{49183306-CFF1-01A5-E426-ED6D9BB689EF}.Debug|Any CPU.Build.0 = Debug|Any CPU
		{49183306-CFF1-01A5-E426-ED6D9BB689EF}.Release|Any CPU.ActiveCfg = Release|Any CPU
		{49183306-CFF1-01A5-E426-ED6D9BB689EF}.Release|Any CPU.Build.0 = Release|Any CPU
		{01516A06-A9F7-8226-BFF3-8245F5F6F7F7}.Debug|Any CPU.ActiveCfg = Debug|Any CPU
		{01516A06-A9F7-8226-BFF3-8245F5F6F7F7}.Debug|Any CPU.Build.0 = Debug|Any CPU
		{01516A06-A9F7-8226-BFF3-8245F5F6F7F7}.Release|Any CPU.ActiveCfg = Release|Any CPU
		{01516A06-A9F7-8226-BFF3-8245F5F6F7F7}.Release|Any CPU.Build.0 = Release|Any CPU
		{CAB92BBA-8FB2-CC00-B056-8F5B3501562E}.Debug|Any CPU.ActiveCfg = Debug|Any CPU
		{CAB92BBA-8FB2-CC00-B056-8F5B3501562E}.Debug|Any CPU.Build.0 = Debug|Any CPU
		{CAB92BBA-8FB2-CC00-B056-8F5B3501562E}.Release|Any CPU.ActiveCfg = Release|Any CPU
		{CAB92BBA-8FB2-CC00-B056-8F5B3501562E}.Release|Any CPU.Build.0 = Release|Any CPU
		{F0C5BC84-8F65-8046-1F2B-296BB0976B38}.Debug|Any CPU.ActiveCfg = Debug|Any CPU
		{F0C5BC84-8F65-8046-1F2B-296BB0976B38}.Debug|Any CPU.Build.0 = Debug|Any CPU
		{F0C5BC84-8F65-8046-1F2B-296BB0976B38}.Release|Any CPU.ActiveCfg = Release|Any CPU
		{F0C5BC84-8F65-8046-1F2B-296BB0976B38}.Release|Any CPU.Build.0 = Release|Any CPU
		{CAF2B60E-5844-00A3-4BC0-E09B9C1872D0}.Debug|Any CPU.ActiveCfg = Debug|Any CPU
		{CAF2B60E-5844-00A3-4BC0-E09B9C1872D0}.Debug|Any CPU.Build.0 = Debug|Any CPU
		{CAF2B60E-5844-00A3-4BC0-E09B9C1872D0}.Release|Any CPU.ActiveCfg = Release|Any CPU
		{CAF2B60E-5844-00A3-4BC0-E09B9C1872D0}.Release|Any CPU.Build.0 = Release|Any CPU
		{AC1A7D46-51D1-959B-0C19-C3A05B514516}.Debug|Any CPU.ActiveCfg = Debug|Any CPU
		{AC1A7D46-51D1-959B-0C19-C3A05B514516}.Debug|Any CPU.Build.0 = Debug|Any CPU
		{AC1A7D46-51D1-959B-0C19-C3A05B514516}.Release|Any CPU.ActiveCfg = Release|Any CPU
		{AC1A7D46-51D1-959B-0C19-C3A05B514516}.Release|Any CPU.Build.0 = Release|Any CPU
		{80CE5C99-1826-CCBE-4B58-AE58BCF2C60E}.Debug|Any CPU.ActiveCfg = Debug|Any CPU
		{80CE5C99-1826-CCBE-4B58-AE58BCF2C60E}.Debug|Any CPU.Build.0 = Debug|Any CPU
		{80CE5C99-1826-CCBE-4B58-AE58BCF2C60E}.Release|Any CPU.ActiveCfg = Release|Any CPU
		{80CE5C99-1826-CCBE-4B58-AE58BCF2C60E}.Release|Any CPU.Build.0 = Release|Any CPU
		{82212B55-351C-A1ED-6EAE-9A5DB1808D89}.Debug|Any CPU.ActiveCfg = Debug|Any CPU
		{82212B55-351C-A1ED-6EAE-9A5DB1808D89}.Debug|Any CPU.Build.0 = Debug|Any CPU
		{82212B55-351C-A1ED-6EAE-9A5DB1808D89}.Release|Any CPU.ActiveCfg = Release|Any CPU
		{82212B55-351C-A1ED-6EAE-9A5DB1808D89}.Release|Any CPU.Build.0 = Release|Any CPU
		{46C773C8-22C4-BA25-B20B-985749F8E51D}.Debug|Any CPU.ActiveCfg = Debug|Any CPU
		{46C773C8-22C4-BA25-B20B-985749F8E51D}.Debug|Any CPU.Build.0 = Debug|Any CPU
		{46C773C8-22C4-BA25-B20B-985749F8E51D}.Release|Any CPU.ActiveCfg = Release|Any CPU
		{46C773C8-22C4-BA25-B20B-985749F8E51D}.Release|Any CPU.Build.0 = Release|Any CPU
		{B0754093-C9E9-9096-D005-D0B185D5450F}.Debug|Any CPU.ActiveCfg = Debug|Any CPU
		{B0754093-C9E9-9096-D005-D0B185D5450F}.Debug|Any CPU.Build.0 = Debug|Any CPU
		{B0754093-C9E9-9096-D005-D0B185D5450F}.Release|Any CPU.ActiveCfg = Release|Any CPU
		{B0754093-C9E9-9096-D005-D0B185D5450F}.Release|Any CPU.Build.0 = Release|Any CPU
		{FCFCD6A5-9658-06C6-04D6-24FE038CC9FE}.Debug|Any CPU.ActiveCfg = Debug|Any CPU
		{FCFCD6A5-9658-06C6-04D6-24FE038CC9FE}.Debug|Any CPU.Build.0 = Debug|Any CPU
		{FCFCD6A5-9658-06C6-04D6-24FE038CC9FE}.Release|Any CPU.ActiveCfg = Release|Any CPU
		{FCFCD6A5-9658-06C6-04D6-24FE038CC9FE}.Release|Any CPU.Build.0 = Release|Any CPU
		{7EB2B1BB-D16C-F297-9ED3-DE1628D0F32E}.Debug|Any CPU.ActiveCfg = Debug|Any CPU
		{7EB2B1BB-D16C-F297-9ED3-DE1628D0F32E}.Debug|Any CPU.Build.0 = Debug|Any CPU
		{7EB2B1BB-D16C-F297-9ED3-DE1628D0F32E}.Release|Any CPU.ActiveCfg = Release|Any CPU
		{7EB2B1BB-D16C-F297-9ED3-DE1628D0F32E}.Release|Any CPU.Build.0 = Release|Any CPU
		{F87E3798-5356-5E74-6AEC-EE7D88A7B7B2}.Debug|Any CPU.ActiveCfg = Debug|Any CPU
		{F87E3798-5356-5E74-6AEC-EE7D88A7B7B2}.Debug|Any CPU.Build.0 = Debug|Any CPU
		{F87E3798-5356-5E74-6AEC-EE7D88A7B7B2}.Release|Any CPU.ActiveCfg = Release|Any CPU
		{F87E3798-5356-5E74-6AEC-EE7D88A7B7B2}.Release|Any CPU.Build.0 = Release|Any CPU
		{8705CC30-DEC4-B1CB-AFB8-1D7DDEA54288}.Debug|Any CPU.ActiveCfg = Debug|Any CPU
		{8705CC30-DEC4-B1CB-AFB8-1D7DDEA54288}.Debug|Any CPU.Build.0 = Debug|Any CPU
		{8705CC30-DEC4-B1CB-AFB8-1D7DDEA54288}.Release|Any CPU.ActiveCfg = Release|Any CPU
		{8705CC30-DEC4-B1CB-AFB8-1D7DDEA54288}.Release|Any CPU.Build.0 = Release|Any CPU
		{0CAC7053-2DA5-82E5-D4ED-BAE01E73975F}.Debug|Any CPU.ActiveCfg = Debug|Any CPU
		{0CAC7053-2DA5-82E5-D4ED-BAE01E73975F}.Debug|Any CPU.Build.0 = Debug|Any CPU
		{0CAC7053-2DA5-82E5-D4ED-BAE01E73975F}.Release|Any CPU.ActiveCfg = Release|Any CPU
		{0CAC7053-2DA5-82E5-D4ED-BAE01E73975F}.Release|Any CPU.Build.0 = Release|Any CPU
		{CD4A594A-A90C-A8E9-0E37-6BA22CFB6826}.Debug|Any CPU.ActiveCfg = Debug|Any CPU
		{CD4A594A-A90C-A8E9-0E37-6BA22CFB6826}.Debug|Any CPU.Build.0 = Debug|Any CPU
		{CD4A594A-A90C-A8E9-0E37-6BA22CFB6826}.Release|Any CPU.ActiveCfg = Release|Any CPU
		{CD4A594A-A90C-A8E9-0E37-6BA22CFB6826}.Release|Any CPU.Build.0 = Release|Any CPU
		{D64FD294-C2DC-09E4-E2F5-16CDC6F2C4F9}.Debug|Any CPU.ActiveCfg = Debug|Any CPU
		{D64FD294-C2DC-09E4-E2F5-16CDC6F2C4F9}.Debug|Any CPU.Build.0 = Debug|Any CPU
		{D64FD294-C2DC-09E4-E2F5-16CDC6F2C4F9}.Release|Any CPU.ActiveCfg = Release|Any CPU
		{D64FD294-C2DC-09E4-E2F5-16CDC6F2C4F9}.Release|Any CPU.Build.0 = Release|Any CPU
	EndGlobalSection
	GlobalSection(SolutionProperties) = preSolution
		HideSolutionNode = FALSE
	EndGlobalSection
EndGlobal
